{
  "name": "backend",
  "version": "1.0.0",
  "lockfileVersion": 1,
  "requires": true,
  "dependencies": {
    "@types/bson": {
      "version": "4.0.0",
      "resolved": "https://registry.npmjs.org/@types/bson/-/bson-4.0.0.tgz",
      "integrity": "sha512-pq/rqJwJWkbS10crsG5bgnrisL8pML79KlMKQMoQwLUjlPAkrUHMvHJ3oGwE7WHR61Lv/nadMwXVAD2b+fpD8Q==",
      "dev": true,
      "requires": {
        "@types/node": "12.0.4"
      }
    },
    "@types/graphql": {
      "version": "14.2.0",
      "resolved": "https://registry.npmjs.org/@types/graphql/-/graphql-14.2.0.tgz",
      "integrity": "sha512-lELg5m6eBOmATWyCZl8qULEOvnPIUG6B443yXKj930glXIgwQirIBPp5rthP2amJW0YSzUg2s5sfgba4mRRCNw==",
      "dev": true
    },
    "@types/mongodb": {
      "version": "3.1.28",
      "resolved": "https://registry.npmjs.org/@types/mongodb/-/mongodb-3.1.28.tgz",
      "integrity": "sha512-tG+QqJ/hir2p0069ee28t2O9tlGRJKDq1WFZC2QYMlU47LGdldLL8tepfTq6aFLvP58OpwSoxaJ/qjW93ob1NQ==",
      "dev": true,
      "requires": {
        "@types/bson": "4.0.0",
        "@types/node": "12.0.4"
      }
    },
    "@types/mongoose": {
      "version": "5.5.3",
      "resolved": "https://registry.npmjs.org/@types/mongoose/-/mongoose-5.5.3.tgz",
      "integrity": "sha512-HTHlGl81+LcG9b9Bgyn2Jjl8MO8Tx4FZLRVSf3+SpVl7kRF2iUY/C8vZH5Vj7UvLQGSrUGkt+fJUBrmsD1HucQ==",
      "dev": true,
      "requires": {
        "@types/mongodb": "3.1.28",
        "@types/node": "12.0.4"
      }
    },
    "@types/node": {
      "version": "12.0.4",
      "resolved": "https://registry.npmjs.org/@types/node/-/node-12.0.4.tgz",
      "integrity": "sha512-j8YL2C0fXq7IONwl/Ud5Kt0PeXw22zGERt+HSSnwbKOJVsAGkEz3sFCYwaF9IOuoG1HOtE0vKCj6sXF7Q0+Vaw==",
      "dev": true
    }
  }
}
